
Microsoft Visual Studio Solution File, Format Version 12.00
# Visual Studio Version 17
VisualStudioVersion = 17.4.33403.182
MinimumVisualStudioVersion = 10.0.40219.1
Project("{FAE04EC0-301F-11D3-BF4B-00C04F79EFBC}") = "StreamWrite", "StreamWrite\StreamWrite.csproj", "{8F9197EB-6654-4DFA-AE2D-3DBF0ABC0A2E}"
EndProject
Global
	GlobalSection(SolutionConfigurationPlatforms) = preSolution
		Debug|Any CPU = Debug|Any CPU
		Release|Any CPU = Release|Any CPU
	EndGlobalSection
	GlobalSection(ProjectConfigurationPlatforms) = postSolution
		{8F9197EB-6654-4DFA-AE2D-3DBF0ABC0A2E}.Debug|Any CPU.ActiveCfg = Debug|Any CPU
		{8F9197EB-6654-4DFA-AE2D-3DBF0ABC0A2E}.Debug|Any CPU.Build.0 = Debug|Any CPU
		{8F9197EB-6654-4DFA-AE2D-3DBF0ABC0A2E}.Release|Any CPU.ActiveCfg = Release|Any CPU
		{8F9197EB-6654-4DFA-AE2D-3DBF0ABC0A2E}.Release|Any CPU.Build.0 = Release|Any CPU
	EndGlobalSection
	GlobalSection(SolutionProperties) = preSolution
		HideSolutionNode = FALSE
	EndGlobalSection
	GlobalSection(ExtensibilityGlobals) = postSolution
		SolutionGuid = {2DBF0843-DFE8-4BE6-97E4-E34E02504B3B}
	EndGlobalSection
EndGlobal
